
Microsoft Visual Studio Solution File, Format Version 12.00
# Visual Studio Version 17
VisualStudioVersion = 17.8.34408.163
MinimumVisualStudioVersion = 10.0.40219.1
Project("{8BC9CEB8-8B4A-11D0-8D11-00A0C91BC942}") = "Examen clinica", "Examen clinica\Examen clinica.vcxproj", "{1CACE347-F812-4BB9-8723-42B25F21661D}"
EndProject
Global
	GlobalSection(SolutionConfigurationPlatforms) = preSolution
		Debug|x64 = Debug|x64
		Debug|x86 = Debug|x86
		Release|x64 = Release|x64
		Release|x86 = Release|x86
	EndGlobalSection
	GlobalSection(ProjectConfigurationPlatforms) = postSolution
		{1CACE347-F812-4BB9-8723-42B25F21661D}.Debug|x64.ActiveCfg = Debug|x64
		{1CACE347-F812-4BB9-8723-42B25F21661D}.Debug|x64.Build.0 = Debug|x64
		{1CACE347-F812-4BB9-8723-42B25F21661D}.Debug|x86.ActiveCfg = Debug|Win32
		{1CACE347-F812-4BB9-8723-42B25F21661D}.Debug|x86.Build.0 = Debug|Win32
		{1CACE347-F812-4BB9-8723-42B25F21661D}.Release|x64.ActiveCfg = Release|x64
		{1CACE347-F812-4BB9-8723-42B25F21661D}.Release|x64.Build.0 = Release|x64
		{1CACE347-F812-4BB9-8723-42B25F21661D}.Release|x86.ActiveCfg = Release|Win32
		{1CACE347-F812-4BB9-8723-42B25F21661D}.Release|x86.Build.0 = Release|Win32
	EndGlobalSection
	GlobalSection(SolutionProperties) = preSolution
		HideSolutionNode = FALSE
	EndGlobalSection
	GlobalSection(ExtensibilityGlobals) = postSolution
		SolutionGuid = {5803DE01-A794-49A0-8B28-0F1C980F2DAD}
	EndGlobalSection
EndGlobal
