<?xml version="1.0" encoding="utf-8"?>
<Project ToolsVersion="4.0" xmlns="http://schemas.microsoft.com/developer/msbuild/2003">
  <ItemGroup>
    <Filter Include="Source Files">
      <UniqueIdentifier>{4FC737F1-C7A5-4376-A066-2A32D752A2FF}</UniqueIdentifier>
      <Extensions>cpp;c;cc;cxx;c++;cppm;ixx;def;odl;idl;hpj;bat;asm;asmx</Extensions>
    </Filter>
    <Filter Include="Header Files">
      <UniqueIdentifier>{93995380-89BD-4b04-88EB-625FBE52EBFB}</UniqueIdentifier>
      <Extensions>h;hh;hpp;hxx;h++;hm;inl;inc;ipp;xsd</Extensions>
    </Filter>
    <Filter Include="Resource Files">
      <UniqueIdentifier>{67DA6AB6-F800-4c08-8B7A-83BB121AAD01}</UniqueIdentifier>
      <Extensions>rc;ico;cur;bmp;dlg;rc2;rct;bin;rgs;gif;jpg;jpeg;jpe;resx;tiff;tif;png;wav;mfcribbon-ms</Extensions>
    </Filter>
  </ItemGroup>
  <ItemGroup>
    <ClCompile Include="main.cpp">
      <Filter>Source Files</Filter>
    </ClCompile>
    <ClCompile Include="IVehicul.cpp">
      <Filter>Source Files</Filter>
    </ClCompile>
    <ClCompile Include="AVehicul.cpp">
      <Filter>Source Files</Filter>
    </ClCompile>
    <ClCompile Include="CMotocicleta.cpp">
      <Filter>Source Files</Filter>
    </ClCompile>
    <ClCompile Include="CAutoturism.cpp">
      <Filter>Source Files</Filter>
    </ClCompile>
    <ClCompile Include="CCamion.cpp">
      <Filter>Source Files</Filter>
    </ClCompile>
    <ClCompile Include="CAutobuz.cpp">
      <Filter>Source Files</Filter>
    </ClCompile>
    <ClCompile Include="IDGenerator.cpp">
      <Filter>Source Files</Filter>
    </ClCompile>
    <ClCompile Include="CCerereInregistrare.cpp">
      <Filter>Source Files</Filter>
    </ClCompile>
    <ClCompile Include="CTichetAcces.cpp">
      <Filter>Source Files</Filter>
    </ClCompile>
    <ClCompile Include="CCertificatInregistrare.cpp">
      <Filter>Source Files</Filter>
    </ClCompile>
    <ClCompile Include="CCerereAcces.cpp">
      <Filter>Source Files</Filter>
    </ClCompile>
    <ClCompile Include="AMesaj.cpp">
      <Filter>Source Files</Filter>
    </ClCompile>
    <ClCompile Include="IMesaj.cpp">
      <Filter>Source Files</Filter>
    </ClCompile>
    <ClCompile Include="CInfo.cpp">
      <Filter>Source Files</Filter>
    </ClCompile>
    <ClCompile Include="CUpdate.cpp">
      <Filter>Source Files</Filter>
    </ClCompile>
    <ClCompile Include="SRegistrator.cpp">
      <Filter>Source Files</Filter>
    </ClCompile>
    <ClCompile Include="SControlor.cpp">
      <Filter>Source Files</Filter>
    </ClCompile>
    <ClCompile Include="SStatieBaza.cpp">
      <Filter>Source Files</Filter>
    </ClCompile>
  </ItemGroup>
  <ItemGroup>
    <ClInclude Include="IVehicul.h">
      <Filter>Header Files</Filter>
    </ClInclude>
    <ClInclude Include="AVehicul.h">
      <Filter>Header Files</Filter>
    </ClInclude>
    <ClInclude Include="CMotocicleta.h">
      <Filter>Header Files</Filter>
    </ClInclude>
    <ClInclude Include="CAutoturism.h">
      <Filter>Header Files</Filter>
    </ClInclude>
    <ClInclude Include="CCamion.h">
      <Filter>Header Files</Filter>
    </ClInclude>
    <ClInclude Include="CAutobuz.h">
      <Filter>Header Files</Filter>
    </ClInclude>
    <ClInclude Include="IDGenerator.h">
      <Filter>Header Files</Filter>
    </ClInclude>
    <ClInclude Include="CCerereInregistrare.h">
      <Filter>Header Files</Filter>
    </ClInclude>
    <ClInclude Include="CTichetAcces.h">
      <Filter>Header Files</Filter>
    </ClInclude>
    <ClInclude Include="CCertificatInregistrare.h">
      <Filter>Header Files</Filter>
    </ClInclude>
    <ClInclude Include="CCerereAcces.h">
      <Filter>Header Files</Filter>
    </ClInclude>
    <ClInclude Include="AMesaj.h">
      <Filter>Header Files</Filter>
    </ClInclude>
    <ClInclude Include="IMesaj.h">
      <Filter>Header Files</Filter>
    </ClInclude>
    <ClInclude Include="CInfo.h">
      <Filter>Header Files</Filter>
    </ClInclude>
    <ClInclude Include="CUpdate.h">
      <Filter>Header Files</Filter>
    </ClInclude>
    <ClInclude Include="SRegistrator.h">
      <Filter>Header Files</Filter>
    </ClInclude>
    <ClInclude Include="SControlor.h">
      <Filter>Header Files</Filter>
    </ClInclude>
    <ClInclude Include="SStatieBaza.h">
      <Filter>Header Files</Filter>
    </ClInclude>
  </ItemGroup>
</Project>